
Microsoft Visual Studio Solution File, Format Version 12.00
# Visual Studio Version 16
VisualStudioVersion = 16.0.30011.22
MinimumVisualStudioVersion = 10.0.40219.1
Project("{9A19103F-16F7-4668-BE54-9A1E7A4F7556}") = "LinkedList", "LinkedList.csproj", "{B50A0794-B9C2-4C1C-BC65-BD8DD1E59848}"
EndProject
Project("{9A19103F-16F7-4668-BE54-9A1E7A4F7556}") = "Tree", "..\Tree\Tree.csproj", "{3B66EF04-1B57-4CCB-94AE-4A5A6291F05B}"
EndProject
Global
	GlobalSection(SolutionConfigurationPlatforms) = preSolution
		Debug|Any CPU = Debug|Any CPU
		Release|Any CPU = Release|Any CPU
	EndGlobalSection
	GlobalSection(ProjectConfigurationPlatforms) = postSolution
		{B50A0794-B9C2-4C1C-BC65-BD8DD1E59848}.Debug|Any CPU.ActiveCfg = Debug|Any CPU
		{B50A0794-B9C2-4C1C-BC65-BD8DD1E59848}.Debug|Any CPU.Build.0 = Debug|Any CPU
		{B50A0794-B9C2-4C1C-BC65-BD8DD1E59848}.Release|Any CPU.ActiveCfg = Release|Any CPU
		{B50A0794-B9C2-4C1C-BC65-BD8DD1E59848}.Release|Any CPU.Build.0 = Release|Any CPU
		{3B66EF04-1B57-4CCB-94AE-4A5A6291F05B}.Debug|Any CPU.ActiveCfg = Debug|Any CPU
		{3B66EF04-1B57-4CCB-94AE-4A5A6291F05B}.Debug|Any CPU.Build.0 = Debug|Any CPU
		{3B66EF04-1B57-4CCB-94AE-4A5A6291F05B}.Release|Any CPU.ActiveCfg = Release|Any CPU
		{3B66EF04-1B57-4CCB-94AE-4A5A6291F05B}.Release|Any CPU.Build.0 = Release|Any CPU
	EndGlobalSection
	GlobalSection(SolutionProperties) = preSolution
		HideSolutionNode = FALSE
	EndGlobalSection
	GlobalSection(ExtensibilityGlobals) = postSolution
		SolutionGuid = {B1B938DA-BE56-4BE5-8D8C-0F0F29D9E8B9}
	EndGlobalSection
EndGlobal
